{
  "nodes": {
    "nixpkgs": {
      "locked": {
        "lastModified": 1712473363,
        "narHash": "sha256-TIScFAVdI2yuybMxxNjC4YZ/j++c64wwuKbpnZnGiyU=",
        "owner": "nixos",
        "repo": "nixpkgs",
        "rev": "e89cf1c932006531f454de7d652163a9a5c86668",
        "type": "github"
      },
      "original": {
        "owner": "nixos",
        "ref": "nixos-unstable",
        "repo": "nixpkgs",
        "type": "github"
      }
    },
    "root": {
      "inputs": {
        "nixpkgs": "nixpkgs"
      }
    }
  },
  "root": "root",
  "version": 7
}
