{
  "nodes": {
    "nixpkgs": {
      "locked": {
        "lastModified": 1718318537,
        "narHash": "sha256-4Zu0RYRcAY/VWuu6awwq4opuiD//ahpc2aFHg2CWqFY=",
        "owner": "nixos",
        "repo": "nixpkgs",
        "rev": "e9ee548d90ff586a6471b4ae80ae9cfcbceb3420",
        "type": "github"
      },
      "original": {
        "owner": "nixos",
        "ref": "nixos-unstable",
        "repo": "nixpkgs",
        "type": "github"
      }
    },
    "qt6Nixpkgs": {
      "locked": {
        "lastModified": 1716287118,
        "narHash": "sha256-iUTrXABmJAkPRhwPB8GEP7k52OWHVSRtMzlKQ2kIrz4=",
        "owner": "NixOS",
        "repo": "nixpkgs",
        "rev": "47da0aee5616a063015f10ea593688646f2377e4",
        "type": "github"
      },
      "original": {
        "owner": "NixOS",
        "repo": "nixpkgs",
        "rev": "47da0aee5616a063015f10ea593688646f2377e4",
        "type": "github"
      }
    },
    "root": {
      "inputs": {
        "nixpkgs": "nixpkgs",
        "qt6Nixpkgs": "qt6Nixpkgs"
      }
    }
  },
  "root": "root",
  "version": 7
}
